// !$*UTF8*$!
{
	archiveVersion = 1;
	classes = {
	};
	objectVersion = 46;
	objects = {

/* Begin PBXBuildFile section */
		8B546E75D2D1574271FBB1EC /* Pods_LeetTracker.framework in Frameworks */ = {isa = PBXBuildFile; fileRef = 8BE3680AB2503C2F104AB03F /* Pods_LeetTracker.framework */; };
		9F078C741DCC40CC00EB996E /* LTCore.swift in Sources */ = {isa = PBXBuildFile; fileRef = 9F078C731DCC40CC00EB996E /* LTCore.swift */; };
		9F5F721D1DCB891D00D1D219 /* AppDelegate.swift in Sources */ = {isa = PBXBuildFile; fileRef = 9F5F721C1DCB891D00D1D219 /* AppDelegate.swift */; };
		9F5F721F1DCB891D00D1D219 /* ViewController.swift in Sources */ = {isa = PBXBuildFile; fileRef = 9F5F721E1DCB891D00D1D219 /* ViewController.swift */; };
		9F5F72211DCB891D00D1D219 /* Assets.xcassets in Resources */ = {isa = PBXBuildFile; fileRef = 9F5F72201DCB891D00D1D219 /* Assets.xcassets */; };
		9F5F72241DCB891D00D1D219 /* Main.storyboard in Resources */ = {isa = PBXBuildFile; fileRef = 9F5F72221DCB891D00D1D219 /* Main.storyboard */; };
		9F71805B1DD29228000900DF /* JavaScriptCore.framework in Frameworks */ = {isa = PBXBuildFile; fileRef = 9F71805A1DD29228000900DF /* JavaScriptCore.framework */; };
/* End PBXBuildFile section */

/* Begin PBXFileReference section */
		8BE3680AB2503C2F104AB03F /* Pods_LeetTracker.framework */ = {isa = PBXFileReference; explicitFileType = wrapper.framework; includeInIndex = 0; path = Pods_LeetTracker.framework; sourceTree = BUILT_PRODUCTS_DIR; };
		9F078C731DCC40CC00EB996E /* LTCore.swift */ = {isa = PBXFileReference; fileEncoding = 4; lastKnownFileType = sourcecode.swift; path = LTCore.swift; sourceTree = "<group>"; };
		9F5F72191DCB891D00D1D219 /* LeetTracker.app */ = {isa = PBXFileReference; explicitFileType = wrapper.application; includeInIndex = 0; path = LeetTracker.app; sourceTree = BUILT_PRODUCTS_DIR; };
		9F5F721C1DCB891D00D1D219 /* AppDelegate.swift */ = {isa = PBXFileReference; lastKnownFileType = sourcecode.swift; path = AppDelegate.swift; sourceTree = "<group>"; };
		9F5F721E1DCB891D00D1D219 /* ViewController.swift */ = {isa = PBXFileReference; lastKnownFileType = sourcecode.swift; path = ViewController.swift; sourceTree = "<group>"; };
		9F5F72201DCB891D00D1D219 /* Assets.xcassets */ = {isa = PBXFileReference; lastKnownFileType = folder.assetcatalog; path = Assets.xcassets; sourceTree = "<group>"; };
		9F5F72231DCB891D00D1D219 /* Base */ = {isa = PBXFileReference; lastKnownFileType = file.storyboard; name = Base; path = Base.lproj/Main.storyboard; sourceTree = "<group>"; };
		9F5F72251DCB891D00D1D219 /* Info.plist */ = {isa = PBXFileReference; lastKnownFileType = text.plist.xml; path = Info.plist; sourceTree = "<group>"; };
		9F71805A1DD29228000900DF /* JavaScriptCore.framework */ = {isa = PBXFileReference; lastKnownFileType = wrapper.framework; name = JavaScriptCore.framework; path = System/Library/Frameworks/JavaScriptCore.framework; sourceTree = SDKROOT; };
		A701C95A7F9578275F0DD153 /* Pods-LeetTracker.debug.xcconfig */ = {isa = PBXFileReference; includeInIndex = 1; lastKnownFileType = text.xcconfig; name = "Pods-LeetTracker.debug.xcconfig"; path = "Pods/Target Support Files/Pods-LeetTracker/Pods-LeetTracker.debug.xcconfig"; sourceTree = "<group>"; };
		F22E8187BF9DD3DFA55A50C2 /* Pods-LeetTracker.release.xcconfig */ = {isa = PBXFileReference; includeInIndex = 1; lastKnownFileType = text.xcconfig; name = "Pods-LeetTracker.release.xcconfig"; path = "Pods/Target Support Files/Pods-LeetTracker/Pods-LeetTracker.release.xcconfig"; sourceTree = "<group>"; };
/* End PBXFileReference section */

/* Begin PBXFrameworksBuildPhase section */
		9F5F72161DCB891D00D1D219 /* Frameworks */ = {
			isa = PBXFrameworksBuildPhase;
			buildActionMask = 2147483647;
			files = (
				9F71805B1DD29228000900DF /* JavaScriptCore.framework in Frameworks */,
				8B546E75D2D1574271FBB1EC /* Pods_LeetTracker.framework in Frameworks */,
			);
			runOnlyForDeploymentPostprocessing = 0;
		};
/* End PBXFrameworksBuildPhase section */

/* Begin PBXGroup section */
		2AFEE1BE6946C70A7A4E5A85 /* Pods */ = {
			isa = PBXGroup;
			children = (
				A701C95A7F9578275F0DD153 /* Pods-LeetTracker.debug.xcconfig */,
				F22E8187BF9DD3DFA55A50C2 /* Pods-LeetTracker.release.xcconfig */,
			);
			name = Pods;
			sourceTree = "<group>";
		};
		9F5F72101DCB891D00D1D219 = {
			isa = PBXGroup;
			children = (
				9F5F721B1DCB891D00D1D219 /* LeetTracker */,
				9F5F721A1DCB891D00D1D219 /* Products */,
				2AFEE1BE6946C70A7A4E5A85 /* Pods */,
				F1A3E43D349E1E42E5CCB4F5 /* Frameworks */,
			);
			sourceTree = "<group>";
		};
		9F5F721A1DCB891D00D1D219 /* Products */ = {
			isa = PBXGroup;
			children = (
				9F5F72191DCB891D00D1D219 /* LeetTracker.app */,
			);
			name = Products;
			sourceTree = "<group>";
		};
		9F5F721B1DCB891D00D1D219 /* LeetTracker */ = {
			isa = PBXGroup;
			children = (
				9F5F721C1DCB891D00D1D219 /* AppDelegate.swift */,
				9F5F721E1DCB891D00D1D219 /* ViewController.swift */,
				9F5F72201DCB891D00D1D219 /* Assets.xcassets */,
				9F5F72221DCB891D00D1D219 /* Main.storyboard */,
				9F5F72251DCB891D00D1D219 /* Info.plist */,
				9F078C731DCC40CC00EB996E /* LTCore.swift */,
			);
			path = LeetTracker;
			sourceTree = "<group>";
		};
		F1A3E43D349E1E42E5CCB4F5 /* Frameworks */ = {
			isa = PBXGroup;
			children = (
				9F71805A1DD29228000900DF /* JavaScriptCore.framework */,
				8BE3680AB2503C2F104AB03F /* Pods_LeetTracker.framework */,
			);
			name = Frameworks;
			sourceTree = "<group>";
		};
/* End PBXGroup section */

/* Begin PBXNativeTarget section */
		9F5F72181DCB891D00D1D219 /* LeetTracker */ = {
			isa = PBXNativeTarget;
			buildConfigurationList = 9F5F72281DCB891D00D1D219 /* Build configuration list for PBXNativeTarget "LeetTracker" */;
			buildPhases = (
				4E71D1D7E30DAB2D5E8FE763 /* [CP] Check Pods Manifest.lock */,
				9F5F72151DCB891D00D1D219 /* Sources */,
				9F5F72161DCB891D00D1D219 /* Frameworks */,
				9F5F72171DCB891D00D1D219 /* Resources */,
				87E270D9656EEAFEDD312A3C /* [CP] Embed Pods Frameworks */,
				0099CC67F89C6D311FB68108 /* [CP] Copy Pods Resources */,
			);
			buildRules = (
			);
			dependencies = (
			);
			name = LeetTracker;
			productName = LeetTracker;
			productReference = 9F5F72191DCB891D00D1D219 /* LeetTracker.app */;
			productType = "com.apple.product-type.application";
		};
/* End PBXNativeTarget section */

/* Begin PBXProject section */
		9F5F72111DCB891D00D1D219 /* Project object */ = {
			isa = PBXProject;
			attributes = {
				LastSwiftUpdateCheck = 0810;
				LastUpgradeCheck = 0810;
				ORGANIZATIONNAME = "Yuhui Li";
				TargetAttributes = {
					9F5F72181DCB891D00D1D219 = {
						CreatedOnToolsVersion = 8.1;
						ProvisioningStyle = Automatic;
					};
				};
			};
			buildConfigurationList = 9F5F72141DCB891D00D1D219 /* Build configuration list for PBXProject "LeetTracker" */;
			compatibilityVersion = "Xcode 3.2";
			developmentRegion = English;
			hasScannedForEncodings = 0;
			knownRegions = (
				en,
				Base,
			);
			mainGroup = 9F5F72101DCB891D00D1D219;
			productRefGroup = 9F5F721A1DCB891D00D1D219 /* Products */;
			projectDirPath = "";
			projectRoot = "";
			targets = (
				9F5F72181DCB891D00D1D219 /* LeetTracker */,
			);
		};
/* End PBXProject section */

/* Begin PBXResourcesBuildPhase section */
		9F5F72171DCB891D00D1D219 /* Resources */ = {
			isa = PBXResourcesBuildPhase;
			buildActionMask = 2147483647;
			files = (
				9F5F72211DCB891D00D1D219 /* Assets.xcassets in Resources */,
				9F5F72241DCB891D00D1D219 /* Main.storyboard in Resources */,
			);
			runOnlyForDeploymentPostprocessing = 0;
		};
/* End PBXResourcesBuildPhase section */

/* Begin PBXShellScriptBuildPhase section */
		0099CC67F89C6D311FB68108 /* [CP] Copy Pods Resources */ = {
			isa = PBXShellScriptBuildPhase;
			buildActionMask = 2147483647;
			files = (
			);
			inputPaths = (
			);
			name = "[CP] Copy Pods Resources";
			outputPaths = (
			);
			runOnlyForDeploymentPostprocessing = 0;
			shellPath = /bin/sh;
			shellScript = "\"${SRCROOT}/Pods/Target Support Files/Pods-LeetTracker/Pods-LeetTracker-resources.sh\"\n";
			showEnvVarsInLog = 0;
		};
		4E71D1D7E30DAB2D5E8FE763 /* [CP] Check Pods Manifest.lock */ = {
			isa = PBXShellScriptBuildPhase;
			buildActionMask = 2147483647;
			files = (
			);
			inputPaths = (
			);
			name = "[CP] Check Pods Manifest.lock";
			outputPaths = (
			);
			runOnlyForDeploymentPostprocessing = 0;
			shellPath = /bin/sh;
			shellScript = "diff \"${PODS_ROOT}/../Podfile.lock\" \"${PODS_ROOT}/Manifest.lock\" > /dev/null\nif [ $? != 0 ] ; then\n    # print error to STDERR\n    echo \"error: The sandbox is not in sync with the Podfile.lock. Run 'pod install' or update your CocoaPods installation.\" >&2\n    exit 1\nfi\n";
			showEnvVarsInLog = 0;
		};
		87E270D9656EEAFEDD312A3C /* [CP] Embed Pods Frameworks */ = {
			isa = PBXShellScriptBuildPhase;
			buildActionMask = 2147483647;
			files = (
			);
			inputPaths = (
			);
			name = "[CP] Embed Pods Frameworks";
			outputPaths = (
			);
			runOnlyForDeploymentPostprocessing = 0;
			shellPath = /bin/sh;
			shellScript = "\"${SRCROOT}/Pods/Target Support Files/Pods-LeetTracker/Pods-LeetTracker-frameworks.sh\"\n";
			showEnvVarsInLog = 0;
		};
/* End PBXShellScriptBuildPhase section */

/* Begin PBXSourcesBuildPhase section */
		9F5F72151DCB891D00D1D219 /* Sources */ = {
			isa = PBXSourcesBuildPhase;
			buildActionMask = 2147483647;
			files = (
				9F5F721F1DCB891D00D1D219 /* ViewController.swift in Sources */,
				9F078C741DCC40CC00EB996E /* LTCore.swift in Sources */,
				9F5F721D1DCB891D00D1D219 /* AppDelegate.swift in Sources */,
			);
			runOnlyForDeploymentPostprocessing = 0;
		};
/* End PBXSourcesBuildPhase section */

/* Begin PBXVariantGroup section */
		9F5F72221DCB891D00D1D219 /* Main.storyboard */ = {
			isa = PBXVariantGroup;
			children = (
				9F5F72231DCB891D00D1D219 /* Base */,
			);
			name = Main.storyboard;
			sourceTree = "<group>";
		};
/* End PBXVariantGroup section */

/* Begin XCBuildConfiguration section */
		9F5F72261DCB891D00D1D219 /* Debug */ = {
			isa = XCBuildConfiguration;
			buildSettings = {
				ALWAYS_SEARCH_USER_PATHS = NO;
				CLANG_ANALYZER_NONNULL = YES;
				CLANG_CXX_LANGUAGE_STANDARD = "gnu++0x";
				CLANG_CXX_LIBRARY = "libc++";
				CLANG_ENABLE_MODULES = YES;
				CLANG_ENABLE_OBJC_ARC = YES;
				CLANG_WARN_BOOL_CONVERSION = YES;
				CLANG_WARN_CONSTANT_CONVERSION = YES;
				CLANG_WARN_DIRECT_OBJC_ISA_USAGE = YES_ERROR;
				CLANG_WARN_DOCUMENTATION_COMMENTS = YES;
				CLANG_WARN_EMPTY_BODY = YES;
				CLANG_WARN_ENUM_CONVERSION = YES;
				CLANG_WARN_INFINITE_RECURSION = YES;
				CLANG_WARN_INT_CONVERSION = YES;
				CLANG_WARN_OBJC_ROOT_CLASS = YES_ERROR;
				CLANG_WARN_SUSPICIOUS_MOVES = YES;
				CLANG_WARN_UNREACHABLE_CODE = YES;
				CLANG_WARN__DUPLICATE_METHOD_MATCH = YES;
				CODE_SIGN_IDENTITY = "-";
				COPY_PHASE_STRIP = NO;
				DEBUG_INFORMATION_FORMAT = dwarf;
				ENABLE_STRICT_OBJC_MSGSEND = YES;
				ENABLE_TESTABILITY = YES;
				GCC_C_LANGUAGE_STANDARD = gnu99;
				GCC_DYNAMIC_NO_PIC = NO;
				GCC_NO_COMMON_BLOCKS = YES;
				GCC_OPTIMIZATION_LEVEL = 0;
				GCC_PREPROCESSOR_DEFINITIONS = (
					"DEBUG=1",
					"$(inherited)",
				);
				GCC_WARN_64_TO_32_BIT_CONVERSION = YES;
				GCC_WARN_ABOUT_RETURN_TYPE = YES_ERROR;
				GCC_WARN_UNDECLARED_SELECTOR = YES;
				GCC_WARN_UNINITIALIZED_AUTOS = YES_AGGRESSIVE;
				GCC_WARN_UNUSED_FUNCTION = YES;
				GCC_WARN_UNUSED_VARIABLE = YES;
				MACOSX_DEPLOYMENT_TARGET = 10.11;
				MTL_ENABLE_DEBUG_INFO = YES;
				ONLY_ACTIVE_ARCH = YES;
				SDKROOT = macosx;
				SWIFT_ACTIVE_COMPILATION_CONDITIONS = DEBUG;
				SWIFT_OPTIMIZATION_LEVEL = "-Onone";
			};
			name = Debug;
		};
		9F5F72271DCB891D00D1D219 /* Release */ = {
			isa = XCBuildConfiguration;
			buildSettings = {
				ALWAYS_SEARCH_USER_PATHS = NO;
				CLANG_ANALYZER_NONNULL = YES;
				CLANG_CXX_LANGUAGE_STANDARD = "gnu++0x";
				CLANG_CXX_LIBRARY = "libc++";
				CLANG_ENABLE_MODULES = YES;
				CLANG_ENABLE_OBJC_ARC = YES;
				CLANG_WARN_BOOL_CONVERSION = YES;
				CLANG_WARN_CONSTANT_CONVERSION = YES;
				CLANG_WARN_DIRECT_OBJC_ISA_USAGE = YES_ERROR;
				CLANG_WARN_DOCUMENTATION_COMMENTS = YES;
				CLANG_WARN_EMPTY_BODY = YES;
				CLANG_WARN_ENUM_CONVERSION = YES;
				CLANG_WARN_INFINITE_RECURSION = YES;
				CLANG_WARN_INT_CONVERSION = YES;
				CLANG_WARN_OBJC_ROOT_CLASS = YES_ERROR;
				CLANG_WARN_SUSPICIOUS_MOVES = YES;
				CLANG_WARN_UNREACHABLE_CODE = YES;
				CLANG_WARN__DUPLICATE_METHOD_MATCH = YES;
				CODE_SIGN_IDENTITY = "-";
				COPY_PHASE_STRIP = NO;
				DEBUG_INFORMATION_FORMAT = "dwarf-with-dsym";
				ENABLE_NS_ASSERTIONS = NO;
				ENABLE_STRICT_OBJC_MSGSEND = YES;
				GCC_C_LANGUAGE_STANDARD = gnu99;
				GCC_NO_COMMON_BLOCKS = YES;
				GCC_WARN_64_TO_32_BIT_CONVERSION = YES;
				GCC_WARN_ABOUT_RETURN_TYPE = YES_ERROR;
				GCC_WARN_UNDECLARED_SELECTOR = YES;
				GCC_WARN_UNINITIALIZED_AUTOS = YES_AGGRESSIVE;
				GCC_WARN_UNUSED_FUNCTION = YES;
				GCC_WARN_UNUSED_VARIABLE = YES;
				MACOSX_DEPLOYMENT_TARGET = 10.11;
				MTL_ENABLE_DEBUG_INFO = NO;
				SDKROOT = macosx;
				SWIFT_OPTIMIZATION_LEVEL = "-Owholemodule";
			};
			name = Release;
		};
		9F5F72291DCB891D00D1D219 /* Debug */ = {
			isa = XCBuildConfiguration;
			baseConfigurationReference = A701C95A7F9578275F0DD153 /* Pods-LeetTracker.debug.xcconfig */;
			buildSettings = {
				ASSETCATALOG_COMPILER_APPICON_NAME = AppIcon;
				COMBINE_HIDPI_IMAGES = YES;
				INFOPLIST_FILE = LeetTracker/Info.plist;
				LD_RUNPATH_SEARCH_PATHS = "$(inherited) @executable_path/../Frameworks";
				PRODUCT_BUNDLE_IDENTIFIER = com.yuhuili.LeetTracker;
				PRODUCT_NAME = "$(TARGET_NAME)";
				SWIFT_VERSION = 3.0;
			};
			name = Debug;
		};
		9F5F722A1DCB891D00D1D219 /* Release */ = {
			isa = XCBuildConfiguration;
			baseConfigurationReference = F22E8187BF9DD3DFA55A50C2 /* Pods-LeetTracker.release.xcconfig */;
			buildSettings = {
				ASSETCATALOG_COMPILER_APPICON_NAME = AppIcon;
				COMBINE_HIDPI_IMAGES = YES;
				INFOPLIST_FILE = LeetTracker/Info.plist;
				LD_RUNPATH_SEARCH_PATHS = "$(inherited) @executable_path/../Frameworks";
				PRODUCT_BUNDLE_IDENTIFIER = com.yuhuili.LeetTracker;
				PRODUCT_NAME = "$(TARGET_NAME)";
				SWIFT_VERSION = 3.0;
			};
			name = Release;
		};
/* End XCBuildConfiguration section */

/* Begin XCConfigurationList section */
		9F5F72141DCB891D00D1D219 /* Build configuration list for PBXProject "LeetTracker" */ = {
			isa = XCConfigurationList;
			buildConfigurations = (
				9F5F72261DCB891D00D1D219 /* Debug */,
				9F5F72271DCB891D00D1D219 /* Release */,
			);
			defaultConfigurationIsVisible = 0;
			defaultConfigurationName = Release;
		};
		9F5F72281DCB891D00D1D219 /* Build configuration list for PBXNativeTarget "LeetTracker" */ = {
			isa = XCConfigurationList;
			buildConfigurations = (
				9F5F72291DCB891D00D1D219 /* Debug */,
				9F5F722A1DCB891D00D1D219 /* Release */,
			);
			defaultConfigurationIsVisible = 0;
			defaultConfigurationName = Release;
		};
/* End XCConfigurationList section */
	};
	rootObject = 9F5F72111DCB891D00D1D219 /* Project object */;
}
